
Microsoft Visual Studio Solution File, Format Version 12.00
Project("{FAE04EC0-301F-11D3-BF4B-00C04F79EFBC}") = "WebApp", "WebApp\WebApp.csproj", "{384BBD16-BA5A-44A7-9CD3-E73105FAA29D}"
EndProject
Global
	GlobalSection(SolutionConfigurationPlatforms) = preSolution
		Debug|Any CPU = Debug|Any CPU
		Release|Any CPU = Release|Any CPU
	EndGlobalSection
	GlobalSection(ProjectConfigurationPlatforms) = postSolution
		{384BBD16-BA5A-44A7-9CD3-E73105FAA29D}.Debug|Any CPU.ActiveCfg = Debug|Any CPU
		{384BBD16-BA5A-44A7-9CD3-E73105FAA29D}.Debug|Any CPU.Build.0 = Debug|Any CPU
		{384BBD16-BA5A-44A7-9CD3-E73105FAA29D}.Release|Any CPU.ActiveCfg = Release|Any CPU
		{384BBD16-BA5A-44A7-9CD3-E73105FAA29D}.Release|Any CPU.Build.0 = Release|Any CPU
	EndGlobalSection
EndGlobal
