
Microsoft Visual Studio Solution File, Format Version 12.00
Project("{FAE04EC0-301F-11D3-BF4B-00C04F79EFBC}") = "WebApp", "WebApp\WebApp.csproj", "{384BBD16-BA5A-44A7-9CD3-E73105FAA29D}"
EndProject
Project("{FAE04EC0-301F-11D3-BF4B-00C04F79EFBC}") = "ServerAPI", "ServerAPI\ServerAPI.csproj", "{31EC6751-3651-4845-8B87-8886ADCE7526}"
EndProject
Project("{FAE04EC0-301F-11D3-BF4B-00C04F79EFBC}") = "Core", "Core\Core.csproj", "{9ED33136-D093-4E29-8540-FEC204E6DC22}"
EndProject
Global
	GlobalSection(SolutionConfigurationPlatforms) = preSolution
		Debug|Any CPU = Debug|Any CPU
		Release|Any CPU = Release|Any CPU
	EndGlobalSection
	GlobalSection(ProjectConfigurationPlatforms) = postSolution
		{384BBD16-BA5A-44A7-9CD3-E73105FAA29D}.Debug|Any CPU.ActiveCfg = Debug|Any CPU
		{384BBD16-BA5A-44A7-9CD3-E73105FAA29D}.Debug|Any CPU.Build.0 = Debug|Any CPU
		{384BBD16-BA5A-44A7-9CD3-E73105FAA29D}.Release|Any CPU.ActiveCfg = Release|Any CPU
		{384BBD16-BA5A-44A7-9CD3-E73105FAA29D}.Release|Any CPU.Build.0 = Release|Any CPU
		{31EC6751-3651-4845-8B87-8886ADCE7526}.Debug|Any CPU.ActiveCfg = Debug|Any CPU
		{31EC6751-3651-4845-8B87-8886ADCE7526}.Debug|Any CPU.Build.0 = Debug|Any CPU
		{31EC6751-3651-4845-8B87-8886ADCE7526}.Release|Any CPU.ActiveCfg = Release|Any CPU
		{31EC6751-3651-4845-8B87-8886ADCE7526}.Release|Any CPU.Build.0 = Release|Any CPU
		{9ED33136-D093-4E29-8540-FEC204E6DC22}.Debug|Any CPU.ActiveCfg = Debug|Any CPU
		{9ED33136-D093-4E29-8540-FEC204E6DC22}.Debug|Any CPU.Build.0 = Debug|Any CPU
		{9ED33136-D093-4E29-8540-FEC204E6DC22}.Release|Any CPU.ActiveCfg = Release|Any CPU
		{9ED33136-D093-4E29-8540-FEC204E6DC22}.Release|Any CPU.Build.0 = Release|Any CPU
	EndGlobalSection
EndGlobal
